
Microsoft Visual Studio Solution File, Format Version 12.00
# Visual Studio 15
VisualStudioVersion = 15.0.28307.136
MinimumVisualStudioVersion = 10.0.40219.1
Project("{FAE04EC0-301F-11D3-BF4B-00C04F79EFBC}") = "Test.ConsoleApp", "Test.ConsoleApp\Test.ConsoleApp.csproj", "{CBC36729-AF58-4FBD-810A-BE5F7F0C5519}"
EndProject
Global
	GlobalSection(SolutionConfigurationPlatforms) = preSolution
		Debug|Any CPU = Debug|Any CPU
		Release|Any CPU = Release|Any CPU
	EndGlobalSection
	GlobalSection(ProjectConfigurationPlatforms) = postSolution
		{CBC36729-AF58-4FBD-810A-BE5F7F0C5519}.Debug|Any CPU.ActiveCfg = Debug|Any CPU
		{CBC36729-AF58-4FBD-810A-BE5F7F0C5519}.Debug|Any CPU.Build.0 = Debug|Any CPU
		{CBC36729-AF58-4FBD-810A-BE5F7F0C5519}.Release|Any CPU.ActiveCfg = Release|Any CPU
		{CBC36729-AF58-4FBD-810A-BE5F7F0C5519}.Release|Any CPU.Build.0 = Release|Any CPU
	EndGlobalSection
	GlobalSection(SolutionProperties) = preSolution
		HideSolutionNode = FALSE
	EndGlobalSection
	GlobalSection(ExtensibilityGlobals) = postSolution
		SolutionGuid = {A48E2BCD-63CE-4DEE-93CE-C3A693AB0B21}
	EndGlobalSection
EndGlobal
